
Microsoft Visual Studio Solution File, Format Version 12.00
# Visual Studio Version 17
VisualStudioVersion = 17.7.33913.275
MinimumVisualStudioVersion = 10.0.40219.1
Project("{FAE04EC0-301F-11D3-BF4B-00C04F79EFBC}") = "MvcStok", "MvcStok\MvcStok.csproj", "{92D15F6E-5AF5-4C41-B4A4-8BAA564544FF}"
EndProject
Global
	GlobalSection(SolutionConfigurationPlatforms) = preSolution
		Debug|Any CPU = Debug|Any CPU
		Release|Any CPU = Release|Any CPU
	EndGlobalSection
	GlobalSection(ProjectConfigurationPlatforms) = postSolution
		{92D15F6E-5AF5-4C41-B4A4-8BAA564544FF}.Debug|Any CPU.ActiveCfg = Debug|Any CPU
		{92D15F6E-5AF5-4C41-B4A4-8BAA564544FF}.Debug|Any CPU.Build.0 = Debug|Any CPU
		{92D15F6E-5AF5-4C41-B4A4-8BAA564544FF}.Release|Any CPU.ActiveCfg = Release|Any CPU
		{92D15F6E-5AF5-4C41-B4A4-8BAA564544FF}.Release|Any CPU.Build.0 = Release|Any CPU
	EndGlobalSection
	GlobalSection(SolutionProperties) = preSolution
		HideSolutionNode = FALSE
	EndGlobalSection
	GlobalSection(ExtensibilityGlobals) = postSolution
		SolutionGuid = {E9088B1D-6EB7-4A3C-B129-DFFF7DC430A0}
	EndGlobalSection
EndGlobal
